
Microsoft Visual Studio Solution File, Format Version 12.00
Project("{2150E333-8FDC-42A3-9474-1A3956D46DE8}") = "src", "src", "{C38C672A-6277-4B31-9331-6B9107DDDC66}"
EndProject
Project("{2150E333-8FDC-42A3-9474-1A3956D46DE8}") = "docs", "docs", "{7C6820DD-7CAE-41DF-ACC5-184FA21EE27D}"
EndProject
Project("{2150E333-8FDC-42A3-9474-1A3956D46DE8}") = "core", "core", "{5B637C00-5A22-48AE-8805-12D9A3B6A9E1}"
EndProject
Project("{FAE04EC0-301F-11D3-BF4B-00C04F79EFBC}") = "domain", "src\core\domain\domain.csproj", "{B6645143-2E4D-4457-922F-BCA60F3A875D}"
EndProject
Project("{FAE04EC0-301F-11D3-BF4B-00C04F79EFBC}") = "application", "src\core\application\application.csproj", "{0834CC95-0CAC-4639-B7E5-DC7440A9CA6C}"
EndProject
Project("{2150E333-8FDC-42A3-9474-1A3956D46DE8}") = "tests", "tests", "{DF239E9B-32A8-4AD9-BBAE-8E4D75CEEEDB}"
EndProject
Project("{2150E333-8FDC-42A3-9474-1A3956D46DE8}") = "tools", "tools", "{CC6CA097-607E-427C-B54F-974461DDD8A7}"
EndProject
Project("{FAE04EC0-301F-11D3-BF4B-00C04F79EFBC}") = "OperationResult", "src\core\tools\OperationResult\OperationResult.csproj", "{0E35458D-D34C-4C85-A24F-269AE9FD2035}"
EndProject
Project("{FAE04EC0-301F-11D3-BF4B-00C04F79EFBC}") = "Unit", "src\tests\Unit\Unit.csproj", "{8756D7FF-C3EF-4FD0-BCE5-40E19AA5C038}"
EndProject
Project("{2150E333-8FDC-42A3-9474-1A3956D46DE8}") = "Infrastructure", "Infrastructure", "{4601DF4F-0FA9-4C2F-8488-AD7ED6F8F4D1}"
EndProject
Project("{FAE04EC0-301F-11D3-BF4B-00C04F79EFBC}") = "EFCorePersistence", "src\Infrastructure\EFCorePersistence\EFCorePersistence.csproj", "{F142F46B-932C-40CF-A605-242E038D56CF}"
EndProject
Project("{2150E333-8FDC-42A3-9474-1A3956D46DE8}") = "Presentation", "Presentation", "{CDA3225B-F1F5-40EE-8266-5C2E1862AE40}"
EndProject
Project("{FAE04EC0-301F-11D3-BF4B-00C04F79EFBC}") = "WebAPI", "src\presentation\WebAPI\WebAPI.csproj", "{F565FF2B-F09E-4A6C-8982-A9852261A3AF}"
EndProject
Global
	GlobalSection(SolutionConfigurationPlatforms) = preSolution
		Debug|Any CPU = Debug|Any CPU
		Release|Any CPU = Release|Any CPU
	EndGlobalSection
	GlobalSection(NestedProjects) = preSolution
		{5B637C00-5A22-48AE-8805-12D9A3B6A9E1} = {C38C672A-6277-4B31-9331-6B9107DDDC66}
		{B6645143-2E4D-4457-922F-BCA60F3A875D} = {5B637C00-5A22-48AE-8805-12D9A3B6A9E1}
		{0834CC95-0CAC-4639-B7E5-DC7440A9CA6C} = {5B637C00-5A22-48AE-8805-12D9A3B6A9E1}
		{DF239E9B-32A8-4AD9-BBAE-8E4D75CEEEDB} = {C38C672A-6277-4B31-9331-6B9107DDDC66}
		{CC6CA097-607E-427C-B54F-974461DDD8A7} = {5B637C00-5A22-48AE-8805-12D9A3B6A9E1}
		{0E35458D-D34C-4C85-A24F-269AE9FD2035} = {CC6CA097-607E-427C-B54F-974461DDD8A7}
		{8756D7FF-C3EF-4FD0-BCE5-40E19AA5C038} = {DF239E9B-32A8-4AD9-BBAE-8E4D75CEEEDB}
		{4601DF4F-0FA9-4C2F-8488-AD7ED6F8F4D1} = {C38C672A-6277-4B31-9331-6B9107DDDC66}
		{F142F46B-932C-40CF-A605-242E038D56CF} = {4601DF4F-0FA9-4C2F-8488-AD7ED6F8F4D1}
		{CDA3225B-F1F5-40EE-8266-5C2E1862AE40} = {C38C672A-6277-4B31-9331-6B9107DDDC66}
		{F565FF2B-F09E-4A6C-8982-A9852261A3AF} = {CDA3225B-F1F5-40EE-8266-5C2E1862AE40}
	EndGlobalSection
	GlobalSection(ProjectConfigurationPlatforms) = postSolution
		{B6645143-2E4D-4457-922F-BCA60F3A875D}.Debug|Any CPU.ActiveCfg = Debug|Any CPU
		{B6645143-2E4D-4457-922F-BCA60F3A875D}.Debug|Any CPU.Build.0 = Debug|Any CPU
		{B6645143-2E4D-4457-922F-BCA60F3A875D}.Release|Any CPU.ActiveCfg = Release|Any CPU
		{B6645143-2E4D-4457-922F-BCA60F3A875D}.Release|Any CPU.Build.0 = Release|Any CPU
		{0834CC95-0CAC-4639-B7E5-DC7440A9CA6C}.Debug|Any CPU.ActiveCfg = Debug|Any CPU
		{0834CC95-0CAC-4639-B7E5-DC7440A9CA6C}.Debug|Any CPU.Build.0 = Debug|Any CPU
		{0834CC95-0CAC-4639-B7E5-DC7440A9CA6C}.Release|Any CPU.ActiveCfg = Release|Any CPU
		{0834CC95-0CAC-4639-B7E5-DC7440A9CA6C}.Release|Any CPU.Build.0 = Release|Any CPU
		{0E35458D-D34C-4C85-A24F-269AE9FD2035}.Debug|Any CPU.ActiveCfg = Debug|Any CPU
		{0E35458D-D34C-4C85-A24F-269AE9FD2035}.Debug|Any CPU.Build.0 = Debug|Any CPU
		{0E35458D-D34C-4C85-A24F-269AE9FD2035}.Release|Any CPU.ActiveCfg = Release|Any CPU
		{0E35458D-D34C-4C85-A24F-269AE9FD2035}.Release|Any CPU.Build.0 = Release|Any CPU
		{8756D7FF-C3EF-4FD0-BCE5-40E19AA5C038}.Debug|Any CPU.ActiveCfg = Debug|Any CPU
		{8756D7FF-C3EF-4FD0-BCE5-40E19AA5C038}.Debug|Any CPU.Build.0 = Debug|Any CPU
		{8756D7FF-C3EF-4FD0-BCE5-40E19AA5C038}.Release|Any CPU.ActiveCfg = Release|Any CPU
		{8756D7FF-C3EF-4FD0-BCE5-40E19AA5C038}.Release|Any CPU.Build.0 = Release|Any CPU
		{F142F46B-932C-40CF-A605-242E038D56CF}.Debug|Any CPU.ActiveCfg = Debug|Any CPU
		{F142F46B-932C-40CF-A605-242E038D56CF}.Debug|Any CPU.Build.0 = Debug|Any CPU
		{F142F46B-932C-40CF-A605-242E038D56CF}.Release|Any CPU.ActiveCfg = Release|Any CPU
		{F142F46B-932C-40CF-A605-242E038D56CF}.Release|Any CPU.Build.0 = Release|Any CPU
		{F565FF2B-F09E-4A6C-8982-A9852261A3AF}.Debug|Any CPU.ActiveCfg = Debug|Any CPU
		{F565FF2B-F09E-4A6C-8982-A9852261A3AF}.Debug|Any CPU.Build.0 = Debug|Any CPU
		{F565FF2B-F09E-4A6C-8982-A9852261A3AF}.Release|Any CPU.ActiveCfg = Release|Any CPU
		{F565FF2B-F09E-4A6C-8982-A9852261A3AF}.Release|Any CPU.Build.0 = Release|Any CPU
	EndGlobalSection
EndGlobal
